
Microsoft Visual Studio Solution File, Format Version 12.00
Project("{FAE04EC0-301F-11D3-BF4B-00C04F79EFBC}") = "ExchangeRate.Api", "ExchangeRate.Api\ExchangeRate.Api.csproj", "{E20F0BE8-7856-45E0-A8F0-244B53EFF4B8}"
EndProject
Project("{FAE04EC0-301F-11D3-BF4B-00C04F79EFBC}") = "ExchangeRate.Infrastructure", "ExchangeRate.Infrastructure\ExchangeRate.Infrastructure.csproj", "{ADD9A7C1-9DA3-49EB-9760-A058154D2110}"
EndProject
Project("{FAE04EC0-301F-11D3-BF4B-00C04F79EFBC}") = "ExchangeRate.Application", "ExchangeRate.Application\ExchangeRate.Application.csproj", "{DA6EB895-22AA-4C09-B360-98D5D98546FE}"
EndProject
Project("{FAE04EC0-301F-11D3-BF4B-00C04F79EFBC}") = "ExchangeRate.Model", "ExchangeRate.Model\ExchangeRate.Model.csproj", "{B5F9AF8E-1B89-48EB-A784-0AC281F9D55F}"
EndProject
Project("{FAE04EC0-301F-11D3-BF4B-00C04F79EFBC}") = "ExchangeRate.Test", "ExchangeRate.Test\ExchangeRate.Test.csproj", "{F33FA151-82CE-4895-9525-DA3F73292463}"
EndProject
Global
	GlobalSection(SolutionConfigurationPlatforms) = preSolution
		Debug|Any CPU = Debug|Any CPU
		Release|Any CPU = Release|Any CPU
	EndGlobalSection
	GlobalSection(ProjectConfigurationPlatforms) = postSolution
		{E20F0BE8-7856-45E0-A8F0-244B53EFF4B8}.Debug|Any CPU.ActiveCfg = Debug|Any CPU
		{E20F0BE8-7856-45E0-A8F0-244B53EFF4B8}.Debug|Any CPU.Build.0 = Debug|Any CPU
		{E20F0BE8-7856-45E0-A8F0-244B53EFF4B8}.Release|Any CPU.ActiveCfg = Release|Any CPU
		{E20F0BE8-7856-45E0-A8F0-244B53EFF4B8}.Release|Any CPU.Build.0 = Release|Any CPU
		{ADD9A7C1-9DA3-49EB-9760-A058154D2110}.Debug|Any CPU.ActiveCfg = Debug|Any CPU
		{ADD9A7C1-9DA3-49EB-9760-A058154D2110}.Debug|Any CPU.Build.0 = Debug|Any CPU
		{ADD9A7C1-9DA3-49EB-9760-A058154D2110}.Release|Any CPU.ActiveCfg = Release|Any CPU
		{ADD9A7C1-9DA3-49EB-9760-A058154D2110}.Release|Any CPU.Build.0 = Release|Any CPU
		{DA6EB895-22AA-4C09-B360-98D5D98546FE}.Debug|Any CPU.ActiveCfg = Debug|Any CPU
		{DA6EB895-22AA-4C09-B360-98D5D98546FE}.Debug|Any CPU.Build.0 = Debug|Any CPU
		{DA6EB895-22AA-4C09-B360-98D5D98546FE}.Release|Any CPU.ActiveCfg = Release|Any CPU
		{DA6EB895-22AA-4C09-B360-98D5D98546FE}.Release|Any CPU.Build.0 = Release|Any CPU
		{B5F9AF8E-1B89-48EB-A784-0AC281F9D55F}.Debug|Any CPU.ActiveCfg = Debug|Any CPU
		{B5F9AF8E-1B89-48EB-A784-0AC281F9D55F}.Debug|Any CPU.Build.0 = Debug|Any CPU
		{B5F9AF8E-1B89-48EB-A784-0AC281F9D55F}.Release|Any CPU.ActiveCfg = Release|Any CPU
		{B5F9AF8E-1B89-48EB-A784-0AC281F9D55F}.Release|Any CPU.Build.0 = Release|Any CPU
		{F33FA151-82CE-4895-9525-DA3F73292463}.Debug|Any CPU.ActiveCfg = Debug|Any CPU
		{F33FA151-82CE-4895-9525-DA3F73292463}.Debug|Any CPU.Build.0 = Debug|Any CPU
		{F33FA151-82CE-4895-9525-DA3F73292463}.Release|Any CPU.ActiveCfg = Release|Any CPU
		{F33FA151-82CE-4895-9525-DA3F73292463}.Release|Any CPU.Build.0 = Release|Any CPU
	EndGlobalSection
EndGlobal
